{
  "name": "oa-map-preview",
  "version": "1.0.0",
  "lockfileVersion": 1,
  "requires": true,
  "dependencies": {
    "@types/events": {
      "version": "1.2.0",
      "resolved": "http://registry.npmjs.org/@types/events/-/events-1.2.0.tgz",
      "integrity": "sha512-KEIlhXnIutzKwRbQkGWb/I4HFqBuUykAdHgDED6xqwXJfONCjF5VoE0cXEiurh3XauygxzeDzgtXUqvLkxFzzA==",
      "dev": true
    },
    "@types/node": {
      "version": "10.12.1",
      "resolved": "https://registry.npmjs.org/@types/node/-/node-10.12.1.tgz",
      "integrity": "sha512-i1sl+WCX2OCHeUi9oi7PiCNUtYFrpWhpcx878vpeq/tlZTKzcFdHePlyFHVbWqeuKN0SRPl/9ZFDSTsfv9h7VQ==",
      "dev": true
    },
    "@types/pngjs": {
      "version": "3.3.2",
      "resolved": "https://registry.npmjs.org/@types/pngjs/-/pngjs-3.3.2.tgz",
      "integrity": "sha512-/SBsv93rVnjByzcau24rBwb+N7BHFp2LateaXz1e7m7M0Wzck/ymXTNdWVrCtkuMbwTHAnfdc3X/I/5szsTEAA==",
      "dev": true,
      "requires": {
        "@types/node": "*"
      }
    },
    "@types/yauzl": {
      "version": "2.9.0",
      "resolved": "http://registry.npmjs.org/@types/yauzl/-/yauzl-2.9.0.tgz",
      "integrity": "sha512-KVQbjKvieCq6d5LqZ8KIzzwygF88fWC+l7wvPbRPM3OI3f9ZAlhaKUlk3kjiyvOMqopSTM7enjduXXl5B+msXw==",
      "dev": true,
      "requires": {
        "@types/events": "*",
        "@types/node": "*"
      }
    },
    "buffer-crc32": {
      "version": "0.2.13",
      "resolved": "https://registry.npmjs.org/buffer-crc32/-/buffer-crc32-0.2.13.tgz",
      "integrity": "sha1-DTM+PwDqxQqhRUq9MO+MKl2ackI="
    },
    "debug": {
      "version": "2.6.9",
      "resolved": "https://registry.npmjs.org/debug/-/debug-2.6.9.tgz",
      "integrity": "sha512-bC7ElrdJaJnPbAP+1EotYvqZsb3ecl5wi6Bfi6BJTUcNowp6cvspg0jXznRTKDjm/E7AdgFBVeAPVMNcKGsHMA==",
      "requires": {
        "ms": "2.0.0"
      }
    },
    "fd-slicer": {
      "version": "1.1.0",
      "resolved": "https://registry.npmjs.org/fd-slicer/-/fd-slicer-1.1.0.tgz",
      "integrity": "sha1-JcfInLH5B3+IkbvmHY85Dq4lbx4=",
      "requires": {
        "pend": "~1.2.0"
      }
    },
    "ms": {
      "version": "2.0.0",
      "resolved": "https://registry.npmjs.org/ms/-/ms-2.0.0.tgz",
      "integrity": "sha1-VgiurfwAvmwpAd9fmGF4jeDVl8g="
    },
    "pend": {
      "version": "1.2.0",
      "resolved": "https://registry.npmjs.org/pend/-/pend-1.2.0.tgz",
      "integrity": "sha1-elfrVQpng/kRUzH89GY9XI4AelA="
    },
    "pngjs": {
      "version": "3.3.3",
      "resolved": "https://registry.npmjs.org/pngjs/-/pngjs-3.3.3.tgz",
      "integrity": "sha512-1n3Z4p3IOxArEs1VRXnZ/RXdfEniAUS9jb68g58FIXMNkPJeZd+Qh4Uq7/e0LVxAQGos1eIUrqrt4FpjdnEd+Q=="
    },
    "tga": {
      "version": "1.0.3",
      "resolved": "https://registry.npmjs.org/tga/-/tga-1.0.3.tgz",
      "integrity": "sha1-fokbRRMIshi0gtvMna5nWWboIrM=",
      "requires": {
        "debug": "^2.6.1"
      }
    },
    "typescript": {
      "version": "3.1.5",
      "resolved": "https://registry.npmjs.org/typescript/-/typescript-3.1.5.tgz",
      "integrity": "sha512-muYNWV9j5+3mXoKD6oPONKuGUmYiFX14gfo9lWm9ZXRHOqVDQiB4q1CzFPbF4QLV2E9TZXH6oK55oQ94rn3PpA==",
      "dev": true
    },
    "yauzl": {
      "version": "2.10.0",
      "resolved": "https://registry.npmjs.org/yauzl/-/yauzl-2.10.0.tgz",
      "integrity": "sha1-x+sXyT4RLLEIb6bY5R+wZnt5pfk=",
      "requires": {
        "buffer-crc32": "~0.2.3",
        "fd-slicer": "~1.1.0"
      }
    }
  }
}
